{
  "pins" : [
    {
      "identity" : "swift-lmdb",
      "kind" : "remoteSourceControl",
      "location" : "https://github.com/swiftlang/swift-lmdb.git",
      "state" : {
        "branch" : "swift-5.10.1-RELEASE",
        "revision" : "584941b1236b15bad74d8163785d389c028b1ad8"
      }
    }
  ],
  "version" : 2
}
